
Microsoft Visual Studio Solution File, Format Version 12.00
# Visual Studio Version 17
VisualStudioVersion = 17.9.34310.174
MinimumVisualStudioVersion = 10.0.40219.1
Project("{FAE04EC0-301F-11D3-BF4B-00C04F79EFBC}") = "Api", "Api\Api.csproj", "{AC515BD4-3B20-4BCF-9837-C41ECCFF5F0C}"
EndProject
Project("{FAE04EC0-301F-11D3-BF4B-00C04F79EFBC}") = "Twileloop.WebEmbed", "Twileloop.WebEmbed\Twileloop.WebEmbed.csproj", "{74153119-F4F6-4B7F-904F-BBA995D793C0}"
EndProject
Global
	GlobalSection(SolutionConfigurationPlatforms) = preSolution
		Debug|Any CPU = Debug|Any CPU
		Release|Any CPU = Release|Any CPU
	EndGlobalSection
	GlobalSection(ProjectConfigurationPlatforms) = postSolution
		{AC515BD4-3B20-4BCF-9837-C41ECCFF5F0C}.Debug|Any CPU.ActiveCfg = Debug|Any CPU
		{AC515BD4-3B20-4BCF-9837-C41ECCFF5F0C}.Debug|Any CPU.Build.0 = Debug|Any CPU
		{AC515BD4-3B20-4BCF-9837-C41ECCFF5F0C}.Release|Any CPU.ActiveCfg = Release|Any CPU
		{AC515BD4-3B20-4BCF-9837-C41ECCFF5F0C}.Release|Any CPU.Build.0 = Release|Any CPU
		{74153119-F4F6-4B7F-904F-BBA995D793C0}.Debug|Any CPU.ActiveCfg = Debug|Any CPU
		{74153119-F4F6-4B7F-904F-BBA995D793C0}.Debug|Any CPU.Build.0 = Debug|Any CPU
		{74153119-F4F6-4B7F-904F-BBA995D793C0}.Release|Any CPU.ActiveCfg = Release|Any CPU
		{74153119-F4F6-4B7F-904F-BBA995D793C0}.Release|Any CPU.Build.0 = Release|Any CPU
	EndGlobalSection
	GlobalSection(SolutionProperties) = preSolution
		HideSolutionNode = FALSE
	EndGlobalSection
	GlobalSection(ExtensibilityGlobals) = postSolution
		SolutionGuid = {0CA2024D-6B8C-48FB-A79F-88D989B5A770}
	EndGlobalSection
EndGlobal
